{
  "requires": true,
  "lockfileVersion": 1,
  "dependencies": {
    "gojs": {
      "version": "2.1.45",
      "resolved": "https://registry.npmjs.org/gojs/-/gojs-2.1.45.tgz",
      "integrity": "sha512-kvreX45+B5gn9//BPdi18hsr984qTiNngfRbDcy6linM9rfzB6Kb6mTCOYuKAcsZUSKqk8novQZamTT/uqIFew=="
    }
  }
}
